
Microsoft Visual Studio Solution File, Format Version 12.00
# Visual Studio Version 16
VisualStudioVersion = 16.0.30611.23
MinimumVisualStudioVersion = 10.0.40219.1
Project("{FAE04EC0-301F-11D3-BF4B-00C04F79EFBC}") = "Distribuidora.Win", "Distribuidora.Win\Distribuidora.Win.csproj", "{8D1ED024-36D0-4894-AF5F-93A2F364D2EC}"
EndProject
Project("{FAE04EC0-301F-11D3-BF4B-00C04F79EFBC}") = "Distribuidora.BL", "Distribuidora.BL\Distribuidora.BL.csproj", "{D4ABC185-7F85-402A-8686-0FDC3C0717C9}"
EndProject
Global
	GlobalSection(SolutionConfigurationPlatforms) = preSolution
		Debug|Any CPU = Debug|Any CPU
		Release|Any CPU = Release|Any CPU
	EndGlobalSection
	GlobalSection(ProjectConfigurationPlatforms) = postSolution
		{8D1ED024-36D0-4894-AF5F-93A2F364D2EC}.Debug|Any CPU.ActiveCfg = Debug|Any CPU
		{8D1ED024-36D0-4894-AF5F-93A2F364D2EC}.Debug|Any CPU.Build.0 = Debug|Any CPU
		{8D1ED024-36D0-4894-AF5F-93A2F364D2EC}.Release|Any CPU.ActiveCfg = Release|Any CPU
		{8D1ED024-36D0-4894-AF5F-93A2F364D2EC}.Release|Any CPU.Build.0 = Release|Any CPU
		{D4ABC185-7F85-402A-8686-0FDC3C0717C9}.Debug|Any CPU.ActiveCfg = Debug|Any CPU
		{D4ABC185-7F85-402A-8686-0FDC3C0717C9}.Debug|Any CPU.Build.0 = Debug|Any CPU
		{D4ABC185-7F85-402A-8686-0FDC3C0717C9}.Release|Any CPU.ActiveCfg = Release|Any CPU
		{D4ABC185-7F85-402A-8686-0FDC3C0717C9}.Release|Any CPU.Build.0 = Release|Any CPU
	EndGlobalSection
	GlobalSection(SolutionProperties) = preSolution
		HideSolutionNode = FALSE
	EndGlobalSection
	GlobalSection(ExtensibilityGlobals) = postSolution
		SolutionGuid = {F4B991EE-B24D-4A54-BE51-1E5CC3534CBA}
	EndGlobalSection
EndGlobal
